
Microsoft Visual Studio Solution File, Format Version 12.00
# Visual Studio Version 16
VisualStudioVersion = 16.0.29009.5
MinimumVisualStudioVersion = 10.0.40219.1
Project("{FAE04EC0-301F-11D3-BF4B-00C04F79EFBC}") = "FirstScriptServer", "FirstScriptServer\FirstScriptServer.csproj", "{27C2BDAA-EBD7-4050-B098-72A0DB4D8712}"
EndProject
Global
	GlobalSection(SolutionConfigurationPlatforms) = preSolution
		Debug|Any CPU = Debug|Any CPU
		Release|Any CPU = Release|Any CPU
	EndGlobalSection
	GlobalSection(ProjectConfigurationPlatforms) = postSolution
		{27C2BDAA-EBD7-4050-B098-72A0DB4D8712}.Debug|Any CPU.ActiveCfg = Debug|Any CPU
		{27C2BDAA-EBD7-4050-B098-72A0DB4D8712}.Debug|Any CPU.Build.0 = Debug|Any CPU
		{27C2BDAA-EBD7-4050-B098-72A0DB4D8712}.Release|Any CPU.ActiveCfg = Release|Any CPU
		{27C2BDAA-EBD7-4050-B098-72A0DB4D8712}.Release|Any CPU.Build.0 = Release|Any CPU
	EndGlobalSection
	GlobalSection(SolutionProperties) = preSolution
		HideSolutionNode = FALSE
	EndGlobalSection
	GlobalSection(ExtensibilityGlobals) = postSolution
		SolutionGuid = {8C67FC52-667C-45B1-BD90-AFC8F4AD72FA}
	EndGlobalSection
EndGlobal
